
Microsoft Visual Studio Solution File, Format Version 12.00
# Visual Studio Version 17
VisualStudioVersion = 17.7.34031.279
MinimumVisualStudioVersion = 10.0.40219.1
Project("{FAE04EC0-301F-11D3-BF4B-00C04F79EFBC}") = "lab 1", "lab 1.csproj", "{37B98F87-130E-4357-BE82-3DE35A426742}"
EndProject
Global
	GlobalSection(SolutionConfigurationPlatforms) = preSolution
		Debug|Any CPU = Debug|Any CPU
		Release|Any CPU = Release|Any CPU
	EndGlobalSection
	GlobalSection(ProjectConfigurationPlatforms) = postSolution
		{37B98F87-130E-4357-BE82-3DE35A426742}.Debug|Any CPU.ActiveCfg = Debug|Any CPU
		{37B98F87-130E-4357-BE82-3DE35A426742}.Debug|Any CPU.Build.0 = Debug|Any CPU
		{37B98F87-130E-4357-BE82-3DE35A426742}.Release|Any CPU.ActiveCfg = Release|Any CPU
		{37B98F87-130E-4357-BE82-3DE35A426742}.Release|Any CPU.Build.0 = Release|Any CPU
	EndGlobalSection
	GlobalSection(SolutionProperties) = preSolution
		HideSolutionNode = FALSE
	EndGlobalSection
	GlobalSection(ExtensibilityGlobals) = postSolution
		SolutionGuid = {EBD82194-097A-4FEA-BBE2-A3A561C6D55F}
	EndGlobalSection
EndGlobal
